
Microsoft Visual Studio Solution File, Format Version 12.00
# Visual Studio Version 17
VisualStudioVersion = 17.2.32526.322
MinimumVisualStudioVersion = 10.0.40219.1
Project("{FAE04EC0-301F-11D3-BF4B-00C04F79EFBC}") = "SomeCompiler", "SomeCompiler\SomeCompiler.csproj", "{AD8FBFE8-34F6-4650-8DCF-AACBB16982E7}"
EndProject
Project("{FAE04EC0-301F-11D3-BF4B-00C04F79EFBC}") = "SomeCompiler.Tests", "SomeCompiler.Tests\SomeCompiler.Tests.csproj", "{C57C6CA4-FF5E-421E-B232-F8A6142F309F}"
EndProject
Project("{FAE04EC0-301F-11D3-BF4B-00C04F79EFBC}") = "SomeCompiler.Cli", "SomeCompiler.Cli\SomeCompiler.Cli.csproj", "{13B43791-B656-4121-A523-6D4460FFD247}"
EndProject
Global
	GlobalSection(SolutionConfigurationPlatforms) = preSolution
		Debug|Any CPU = Debug|Any CPU
		Release|Any CPU = Release|Any CPU
	EndGlobalSection
	GlobalSection(ProjectConfigurationPlatforms) = postSolution
		{AD8FBFE8-34F6-4650-8DCF-AACBB16982E7}.Debug|Any CPU.ActiveCfg = Debug|Any CPU
		{AD8FBFE8-34F6-4650-8DCF-AACBB16982E7}.Debug|Any CPU.Build.0 = Debug|Any CPU
		{AD8FBFE8-34F6-4650-8DCF-AACBB16982E7}.Release|Any CPU.ActiveCfg = Release|Any CPU
		{AD8FBFE8-34F6-4650-8DCF-AACBB16982E7}.Release|Any CPU.Build.0 = Release|Any CPU
		{C57C6CA4-FF5E-421E-B232-F8A6142F309F}.Debug|Any CPU.ActiveCfg = Debug|Any CPU
		{C57C6CA4-FF5E-421E-B232-F8A6142F309F}.Debug|Any CPU.Build.0 = Debug|Any CPU
		{C57C6CA4-FF5E-421E-B232-F8A6142F309F}.Release|Any CPU.ActiveCfg = Release|Any CPU
		{C57C6CA4-FF5E-421E-B232-F8A6142F309F}.Release|Any CPU.Build.0 = Release|Any CPU
		{13B43791-B656-4121-A523-6D4460FFD247}.Debug|Any CPU.ActiveCfg = Debug|Any CPU
		{13B43791-B656-4121-A523-6D4460FFD247}.Debug|Any CPU.Build.0 = Debug|Any CPU
		{13B43791-B656-4121-A523-6D4460FFD247}.Release|Any CPU.ActiveCfg = Release|Any CPU
		{13B43791-B656-4121-A523-6D4460FFD247}.Release|Any CPU.Build.0 = Release|Any CPU
	EndGlobalSection
	GlobalSection(SolutionProperties) = preSolution
		HideSolutionNode = FALSE
	EndGlobalSection
	GlobalSection(ExtensibilityGlobals) = postSolution
		SolutionGuid = {D913E0AD-76F5-46F9-9F9A-378CC38F61EF}
	EndGlobalSection
EndGlobal
