
Microsoft Visual Studio Solution File, Format Version 12.00
# Visual Studio Version 17
VisualStudioVersion = 17.2.32526.322
MinimumVisualStudioVersion = 10.0.40219.1
Project("{9A19103F-16F7-4668-BE54-9A1E7A4F7556}") = "SomeCompiler", "SomeCompiler\SomeCompiler.csproj", "{AD8FBFE8-34F6-4650-8DCF-AACBB16982E7}"
EndProject
Project("{9A19103F-16F7-4668-BE54-9A1E7A4F7556}") = "SomeCompiler.Tests", "SomeCompiler.Tests\SomeCompiler.Tests.csproj", "{C57C6CA4-FF5E-421E-B232-F8A6142F309F}"
EndProject
Project("{9A19103F-16F7-4668-BE54-9A1E7A4F7556}") = "SomeCompiler.Cli", "SomeCompiler.Cli\SomeCompiler.Cli.csproj", "{13B43791-B656-4121-A523-6D4460FFD247}"
EndProject
Project("{9A19103F-16F7-4668-BE54-9A1E7A4F7556}") = "SomeCompiler.Z80", "SomeCompiler.Z80\SomeCompiler.Z80.csproj", "{532F7AD6-E51F-44E2-BC01-12CE3C7225AB}"
EndProject
Project("{9A19103F-16F7-4668-BE54-9A1E7A4F7556}") = "SomeCompiler.Z80.Tests", "SomeCompiler.Z80.Tests\SomeCompiler.Z80.Tests.csproj", "{3CAD5A77-E96B-47EC-AB58-25A1625738D4}"
EndProject
Project("{9A19103F-16F7-4668-BE54-9A1E7A4F7556}") = "SomeCompiler.VirtualMachine", "SomeCompiler.VirtualMachine\SomeCompiler.VirtualMachine.csproj", "{81D11D71-02F9-48CD-9AAB-DC03B678A045}"
EndProject
Project("{9A19103F-16F7-4668-BE54-9A1E7A4F7556}") = "SomeCompiler.VirtualMachine.Tests", "SomeCompiler.VirtualMachine.Tests\SomeCompiler.VirtualMachine.Tests.csproj", "{09B19199-7A6D-4483-810F-41084EB24284}"
EndProject
Project("{2150E333-8FDC-42A3-9474-1A3956D46DE8}") = "Zilog Z80", "Zilog Z80", "{EA4FEC43-5486-43F7-A209-70B5786592A8}"
EndProject
Project("{9A19103F-16F7-4668-BE54-9A1E7A4F7556}") = "Sixty502DotNet", "6502DotNet\Sixty502DotNet\Sixty502DotNet.csproj", "{2D5336D0-4E02-4593-BD47-AF0AEEC64558}"
EndProject
Project("{9A19103F-16F7-4668-BE54-9A1E7A4F7556}") = "Main", "Z80DotNet\Main\Main.csproj", "{DF64CDE6-590E-4879-8E0D-DABEBFE10332}"
EndProject
Project("{9A19103F-16F7-4668-BE54-9A1E7A4F7556}") = "SomeCompiler.Parser.Antlr4", "SomeCompiler.Parser.Antlr4\SomeCompiler.Parser.Antlr4.csproj", "{D1D125DA-A75D-405B-BCB4-CCFF71785FCD}"
EndProject
Project("{9A19103F-16F7-4668-BE54-9A1E7A4F7556}") = "SomeCompiler.Parser.Model", "SomeCompiler.Parser.Model\SomeCompiler.Parser.Model.csproj", "{695DCB79-E350-4E13-98A0-A052E13D3BB9}"
EndProject
Project("{9A19103F-16F7-4668-BE54-9A1E7A4F7556}") = "SomeCompiler.Core", "SomeCompiler.Core\SomeCompiler.Core.csproj", "{4B9A8180-29A9-4C98-BB33-904A9213B59A}"
EndProject
Project("{9A19103F-16F7-4668-BE54-9A1E7A4F7556}") = "SomeCompiler.Parser", "SomeCompiler.Parser.Antlr4.v2\SomeCompiler.Parser.csproj", "{3EE64B3C-F442-4DF6-8424-8D609DB7CD1E}"
EndProject
Project("{FAE04EC0-301F-11D3-BF4B-00C04F79EFBC}") = "SomeCompiler.Parser.Tests", "SomeCompiler.Parser.Tests\SomeCompiler.Parser.Tests.csproj", "{152D4954-7A89-4F0D-8CC6-5C6CAF20EA75}"
EndProject
Global
	GlobalSection(SolutionConfigurationPlatforms) = preSolution
		Debug|Any CPU = Debug|Any CPU
		Release|Any CPU = Release|Any CPU
	EndGlobalSection
	GlobalSection(ProjectConfigurationPlatforms) = postSolution
		{AD8FBFE8-34F6-4650-8DCF-AACBB16982E7}.Debug|Any CPU.ActiveCfg = Debug|Any CPU
		{AD8FBFE8-34F6-4650-8DCF-AACBB16982E7}.Debug|Any CPU.Build.0 = Debug|Any CPU
		{AD8FBFE8-34F6-4650-8DCF-AACBB16982E7}.Release|Any CPU.ActiveCfg = Release|Any CPU
		{AD8FBFE8-34F6-4650-8DCF-AACBB16982E7}.Release|Any CPU.Build.0 = Release|Any CPU
		{C57C6CA4-FF5E-421E-B232-F8A6142F309F}.Debug|Any CPU.ActiveCfg = Debug|Any CPU
		{C57C6CA4-FF5E-421E-B232-F8A6142F309F}.Debug|Any CPU.Build.0 = Debug|Any CPU
		{C57C6CA4-FF5E-421E-B232-F8A6142F309F}.Release|Any CPU.ActiveCfg = Release|Any CPU
		{C57C6CA4-FF5E-421E-B232-F8A6142F309F}.Release|Any CPU.Build.0 = Release|Any CPU
		{13B43791-B656-4121-A523-6D4460FFD247}.Debug|Any CPU.ActiveCfg = Debug|Any CPU
		{13B43791-B656-4121-A523-6D4460FFD247}.Debug|Any CPU.Build.0 = Debug|Any CPU
		{13B43791-B656-4121-A523-6D4460FFD247}.Release|Any CPU.ActiveCfg = Release|Any CPU
		{13B43791-B656-4121-A523-6D4460FFD247}.Release|Any CPU.Build.0 = Release|Any CPU
		{532F7AD6-E51F-44E2-BC01-12CE3C7225AB}.Debug|Any CPU.ActiveCfg = Debug|Any CPU
		{532F7AD6-E51F-44E2-BC01-12CE3C7225AB}.Debug|Any CPU.Build.0 = Debug|Any CPU
		{532F7AD6-E51F-44E2-BC01-12CE3C7225AB}.Release|Any CPU.ActiveCfg = Release|Any CPU
		{532F7AD6-E51F-44E2-BC01-12CE3C7225AB}.Release|Any CPU.Build.0 = Release|Any CPU
		{3CAD5A77-E96B-47EC-AB58-25A1625738D4}.Debug|Any CPU.ActiveCfg = Debug|Any CPU
		{3CAD5A77-E96B-47EC-AB58-25A1625738D4}.Debug|Any CPU.Build.0 = Debug|Any CPU
		{3CAD5A77-E96B-47EC-AB58-25A1625738D4}.Release|Any CPU.ActiveCfg = Release|Any CPU
		{3CAD5A77-E96B-47EC-AB58-25A1625738D4}.Release|Any CPU.Build.0 = Release|Any CPU
		{81D11D71-02F9-48CD-9AAB-DC03B678A045}.Debug|Any CPU.ActiveCfg = Debug|Any CPU
		{81D11D71-02F9-48CD-9AAB-DC03B678A045}.Debug|Any CPU.Build.0 = Debug|Any CPU
		{81D11D71-02F9-48CD-9AAB-DC03B678A045}.Release|Any CPU.ActiveCfg = Release|Any CPU
		{81D11D71-02F9-48CD-9AAB-DC03B678A045}.Release|Any CPU.Build.0 = Release|Any CPU
		{09B19199-7A6D-4483-810F-41084EB24284}.Debug|Any CPU.ActiveCfg = Debug|Any CPU
		{09B19199-7A6D-4483-810F-41084EB24284}.Debug|Any CPU.Build.0 = Debug|Any CPU
		{09B19199-7A6D-4483-810F-41084EB24284}.Release|Any CPU.ActiveCfg = Release|Any CPU
		{09B19199-7A6D-4483-810F-41084EB24284}.Release|Any CPU.Build.0 = Release|Any CPU
		{2D5336D0-4E02-4593-BD47-AF0AEEC64558}.Debug|Any CPU.ActiveCfg = Debug|Any CPU
		{2D5336D0-4E02-4593-BD47-AF0AEEC64558}.Debug|Any CPU.Build.0 = Debug|Any CPU
		{2D5336D0-4E02-4593-BD47-AF0AEEC64558}.Release|Any CPU.ActiveCfg = Release|Any CPU
		{2D5336D0-4E02-4593-BD47-AF0AEEC64558}.Release|Any CPU.Build.0 = Release|Any CPU
		{DF64CDE6-590E-4879-8E0D-DABEBFE10332}.Debug|Any CPU.ActiveCfg = Debug|Any CPU
		{DF64CDE6-590E-4879-8E0D-DABEBFE10332}.Debug|Any CPU.Build.0 = Debug|Any CPU
		{DF64CDE6-590E-4879-8E0D-DABEBFE10332}.Release|Any CPU.ActiveCfg = Release|Any CPU
		{DF64CDE6-590E-4879-8E0D-DABEBFE10332}.Release|Any CPU.Build.0 = Release|Any CPU
		{D1D125DA-A75D-405B-BCB4-CCFF71785FCD}.Debug|Any CPU.ActiveCfg = Debug|Any CPU
		{D1D125DA-A75D-405B-BCB4-CCFF71785FCD}.Debug|Any CPU.Build.0 = Debug|Any CPU
		{D1D125DA-A75D-405B-BCB4-CCFF71785FCD}.Release|Any CPU.ActiveCfg = Release|Any CPU
		{D1D125DA-A75D-405B-BCB4-CCFF71785FCD}.Release|Any CPU.Build.0 = Release|Any CPU
		{695DCB79-E350-4E13-98A0-A052E13D3BB9}.Debug|Any CPU.ActiveCfg = Debug|Any CPU
		{695DCB79-E350-4E13-98A0-A052E13D3BB9}.Debug|Any CPU.Build.0 = Debug|Any CPU
		{695DCB79-E350-4E13-98A0-A052E13D3BB9}.Release|Any CPU.ActiveCfg = Release|Any CPU
		{695DCB79-E350-4E13-98A0-A052E13D3BB9}.Release|Any CPU.Build.0 = Release|Any CPU
		{4B9A8180-29A9-4C98-BB33-904A9213B59A}.Debug|Any CPU.ActiveCfg = Debug|Any CPU
		{4B9A8180-29A9-4C98-BB33-904A9213B59A}.Debug|Any CPU.Build.0 = Debug|Any CPU
		{4B9A8180-29A9-4C98-BB33-904A9213B59A}.Release|Any CPU.ActiveCfg = Release|Any CPU
		{4B9A8180-29A9-4C98-BB33-904A9213B59A}.Release|Any CPU.Build.0 = Release|Any CPU
		{3EE64B3C-F442-4DF6-8424-8D609DB7CD1E}.Debug|Any CPU.ActiveCfg = Debug|Any CPU
		{3EE64B3C-F442-4DF6-8424-8D609DB7CD1E}.Debug|Any CPU.Build.0 = Debug|Any CPU
		{3EE64B3C-F442-4DF6-8424-8D609DB7CD1E}.Release|Any CPU.ActiveCfg = Release|Any CPU
		{3EE64B3C-F442-4DF6-8424-8D609DB7CD1E}.Release|Any CPU.Build.0 = Release|Any CPU
		{152D4954-7A89-4F0D-8CC6-5C6CAF20EA75}.Debug|Any CPU.ActiveCfg = Debug|Any CPU
		{152D4954-7A89-4F0D-8CC6-5C6CAF20EA75}.Debug|Any CPU.Build.0 = Debug|Any CPU
		{152D4954-7A89-4F0D-8CC6-5C6CAF20EA75}.Release|Any CPU.ActiveCfg = Release|Any CPU
		{152D4954-7A89-4F0D-8CC6-5C6CAF20EA75}.Release|Any CPU.Build.0 = Release|Any CPU
	EndGlobalSection
	GlobalSection(SolutionProperties) = preSolution
		HideSolutionNode = FALSE
	EndGlobalSection
	GlobalSection(NestedProjects) = preSolution
		{532F7AD6-E51F-44E2-BC01-12CE3C7225AB} = {EA4FEC43-5486-43F7-A209-70B5786592A8}
		{3CAD5A77-E96B-47EC-AB58-25A1625738D4} = {EA4FEC43-5486-43F7-A209-70B5786592A8}
		{2D5336D0-4E02-4593-BD47-AF0AEEC64558} = {EA4FEC43-5486-43F7-A209-70B5786592A8}
		{DF64CDE6-590E-4879-8E0D-DABEBFE10332} = {EA4FEC43-5486-43F7-A209-70B5786592A8}
	EndGlobalSection
	GlobalSection(ExtensibilityGlobals) = postSolution
		SolutionGuid = {D913E0AD-76F5-46F9-9F9A-378CC38F61EF}
	EndGlobalSection
EndGlobal
